# This file is generated by running "yarn install" inside your project.
# Manual changes might be lost - proceed with caution!

__metadata:
  version: 6

"@lazy/create-react-app@workspace:.":
  version: 0.0.0-use.local
  resolution: "@lazy/create-react-app@workspace:."
  bin:
    create-react-app: ./bin/index.js
  languageName: unknown
  linkType: soft
